
Microsoft Visual Studio Solution File, Format Version 12.00
# Visual Studio Version 17
VisualStudioVersion = 17.0.31912.275
MinimumVisualStudioVersion = 10.0.40219.1
Project("{9A19103F-16F7-4668-BE54-9A1E7A4F7556}") = "CalculateSquareRoots", "CalculateSquareRoots\CalculateSquareRoots.csproj", "{F4E47D57-C0A1-4F33-B67A-933B4A963491}"
EndProject
Project("{9A19103F-16F7-4668-BE54-9A1E7A4F7556}") = "TestProject", "TestProject\TestProject.csproj", "{32FDB5FF-127B-4270-AA24-0F9356CED726}"
EndProject
Project("{9A19103F-16F7-4668-BE54-9A1E7A4F7556}") = "ConversionRoman", "ConversionRoman\ConversionRoman.csproj", "{A0692F4C-94DF-449A-B0A6-D1631B412546}"
EndProject
Project("{9A19103F-16F7-4668-BE54-9A1E7A4F7556}") = "SimpleNumbers", "SimpleNumbers\SimpleNumbers.csproj", "{E484AD37-2031-4D41-9ECD-2142EB884F1C}"
EndProject
Project("{9A19103F-16F7-4668-BE54-9A1E7A4F7556}") = "GeneratingAarraySymbol", "GeneratingAarraySymbol\GeneratingAarraySymbol.csproj", "{2B417F73-D0CA-4CC8-9A8D-4C951640C96B}"
EndProject
Project("{FAE04EC0-301F-11D3-BF4B-00C04F79EFBC}") = "Integral", "Integral\Integral.csproj", "{A9875C10-3323-460F-9AA9-06E441B378D5}"
EndProject
Project("{9A19103F-16F7-4668-BE54-9A1E7A4F7556}") = "ParseFormula", "ParseFormula\ParseFormula.csproj", "{6F0D6A1F-57D7-4513-A72D-F76A06127A0E}"
EndProject
Global
	GlobalSection(SolutionConfigurationPlatforms) = preSolution
		Debug|Any CPU = Debug|Any CPU
		Release|Any CPU = Release|Any CPU
	EndGlobalSection
	GlobalSection(ProjectConfigurationPlatforms) = postSolution
		{F4E47D57-C0A1-4F33-B67A-933B4A963491}.Debug|Any CPU.ActiveCfg = Debug|Any CPU
		{F4E47D57-C0A1-4F33-B67A-933B4A963491}.Debug|Any CPU.Build.0 = Debug|Any CPU
		{F4E47D57-C0A1-4F33-B67A-933B4A963491}.Release|Any CPU.ActiveCfg = Release|Any CPU
		{F4E47D57-C0A1-4F33-B67A-933B4A963491}.Release|Any CPU.Build.0 = Release|Any CPU
		{32FDB5FF-127B-4270-AA24-0F9356CED726}.Debug|Any CPU.ActiveCfg = Debug|Any CPU
		{32FDB5FF-127B-4270-AA24-0F9356CED726}.Debug|Any CPU.Build.0 = Debug|Any CPU
		{32FDB5FF-127B-4270-AA24-0F9356CED726}.Release|Any CPU.ActiveCfg = Release|Any CPU
		{32FDB5FF-127B-4270-AA24-0F9356CED726}.Release|Any CPU.Build.0 = Release|Any CPU
		{A0692F4C-94DF-449A-B0A6-D1631B412546}.Debug|Any CPU.ActiveCfg = Debug|Any CPU
		{A0692F4C-94DF-449A-B0A6-D1631B412546}.Debug|Any CPU.Build.0 = Debug|Any CPU
		{A0692F4C-94DF-449A-B0A6-D1631B412546}.Release|Any CPU.ActiveCfg = Release|Any CPU
		{A0692F4C-94DF-449A-B0A6-D1631B412546}.Release|Any CPU.Build.0 = Release|Any CPU
		{E484AD37-2031-4D41-9ECD-2142EB884F1C}.Debug|Any CPU.ActiveCfg = Debug|Any CPU
		{E484AD37-2031-4D41-9ECD-2142EB884F1C}.Debug|Any CPU.Build.0 = Debug|Any CPU
		{E484AD37-2031-4D41-9ECD-2142EB884F1C}.Release|Any CPU.ActiveCfg = Release|Any CPU
		{E484AD37-2031-4D41-9ECD-2142EB884F1C}.Release|Any CPU.Build.0 = Release|Any CPU
		{2B417F73-D0CA-4CC8-9A8D-4C951640C96B}.Debug|Any CPU.ActiveCfg = Debug|Any CPU
		{2B417F73-D0CA-4CC8-9A8D-4C951640C96B}.Debug|Any CPU.Build.0 = Debug|Any CPU
		{2B417F73-D0CA-4CC8-9A8D-4C951640C96B}.Release|Any CPU.ActiveCfg = Release|Any CPU
		{2B417F73-D0CA-4CC8-9A8D-4C951640C96B}.Release|Any CPU.Build.0 = Release|Any CPU
		{A9875C10-3323-460F-9AA9-06E441B378D5}.Debug|Any CPU.ActiveCfg = Debug|Any CPU
		{A9875C10-3323-460F-9AA9-06E441B378D5}.Debug|Any CPU.Build.0 = Debug|Any CPU
		{A9875C10-3323-460F-9AA9-06E441B378D5}.Release|Any CPU.ActiveCfg = Release|Any CPU
		{A9875C10-3323-460F-9AA9-06E441B378D5}.Release|Any CPU.Build.0 = Release|Any CPU
		{6F0D6A1F-57D7-4513-A72D-F76A06127A0E}.Debug|Any CPU.ActiveCfg = Debug|Any CPU
		{6F0D6A1F-57D7-4513-A72D-F76A06127A0E}.Debug|Any CPU.Build.0 = Debug|Any CPU
		{6F0D6A1F-57D7-4513-A72D-F76A06127A0E}.Release|Any CPU.ActiveCfg = Release|Any CPU
		{6F0D6A1F-57D7-4513-A72D-F76A06127A0E}.Release|Any CPU.Build.0 = Release|Any CPU
	EndGlobalSection
	GlobalSection(SolutionProperties) = preSolution
		HideSolutionNode = FALSE
	EndGlobalSection
	GlobalSection(ExtensibilityGlobals) = postSolution
		SolutionGuid = {A55B1DF9-CC0F-4C2D-B1DE-BDE120752602}
	EndGlobalSection
EndGlobal
